
Microsoft Visual Studio Solution File, Format Version 12.00
# Visual Studio Version 16
VisualStudioVersion = 16.0.31105.61
MinimumVisualStudioVersion = 10.0.40219.1
Project("{FAE04EC0-301F-11D3-BF4B-00C04F79EFBC}") = "HandsOnClientSideStateManagement", "HandsOnClientSideStateManagement\HandsOnClientSideStateManagement.csproj", "{410422D6-7716-45E6-9107-9DBDDF7F0796}"
EndProject
Project("{FAE04EC0-301F-11D3-BF4B-00C04F79EFBC}") = "HandsOnServerSideStatmanagment", "HandsOnServerSideStatmanagment\HandsOnServerSideStatmanagment.csproj", "{647B88ED-A27E-43C7-ADCF-0B6A77CC80F0}"
EndProject
Global
	GlobalSection(SolutionConfigurationPlatforms) = preSolution
		Debug|Any CPU = Debug|Any CPU
		Release|Any CPU = Release|Any CPU
	EndGlobalSection
	GlobalSection(ProjectConfigurationPlatforms) = postSolution
		{410422D6-7716-45E6-9107-9DBDDF7F0796}.Debug|Any CPU.ActiveCfg = Debug|Any CPU
		{410422D6-7716-45E6-9107-9DBDDF7F0796}.Debug|Any CPU.Build.0 = Debug|Any CPU
		{410422D6-7716-45E6-9107-9DBDDF7F0796}.Release|Any CPU.ActiveCfg = Release|Any CPU
		{410422D6-7716-45E6-9107-9DBDDF7F0796}.Release|Any CPU.Build.0 = Release|Any CPU
		{647B88ED-A27E-43C7-ADCF-0B6A77CC80F0}.Debug|Any CPU.ActiveCfg = Debug|Any CPU
		{647B88ED-A27E-43C7-ADCF-0B6A77CC80F0}.Debug|Any CPU.Build.0 = Debug|Any CPU
		{647B88ED-A27E-43C7-ADCF-0B6A77CC80F0}.Release|Any CPU.ActiveCfg = Release|Any CPU
		{647B88ED-A27E-43C7-ADCF-0B6A77CC80F0}.Release|Any CPU.Build.0 = Release|Any CPU
	EndGlobalSection
	GlobalSection(SolutionProperties) = preSolution
		HideSolutionNode = FALSE
	EndGlobalSection
	GlobalSection(ExtensibilityGlobals) = postSolution
		SolutionGuid = {8245D5A5-0B6A-4DB6-92E8-4994A8589261}
	EndGlobalSection
EndGlobal
