
Microsoft Visual Studio Solution File, Format Version 12.00
# Visual Studio Version 16
VisualStudioVersion = 16.0.31112.23
MinimumVisualStudioVersion = 10.0.40219.1
Project("{FAE04EC0-301F-11D3-BF4B-00C04F79EFBC}") = "HandsOnAPIWithModels", "HandsOnAPIWithModels\HandsOnAPIWithModels.csproj", "{4745F574-2480-474A-897F-32472D8FCDBE}"
EndProject
Global
	GlobalSection(SolutionConfigurationPlatforms) = preSolution
		Debug|Any CPU = Debug|Any CPU
		Release|Any CPU = Release|Any CPU
	EndGlobalSection
	GlobalSection(ProjectConfigurationPlatforms) = postSolution
		{4745F574-2480-474A-897F-32472D8FCDBE}.Debug|Any CPU.ActiveCfg = Debug|Any CPU
		{4745F574-2480-474A-897F-32472D8FCDBE}.Debug|Any CPU.Build.0 = Debug|Any CPU
		{4745F574-2480-474A-897F-32472D8FCDBE}.Release|Any CPU.ActiveCfg = Release|Any CPU
		{4745F574-2480-474A-897F-32472D8FCDBE}.Release|Any CPU.Build.0 = Release|Any CPU
	EndGlobalSection
	GlobalSection(SolutionProperties) = preSolution
		HideSolutionNode = FALSE
	EndGlobalSection
	GlobalSection(ExtensibilityGlobals) = postSolution
		SolutionGuid = {590614E5-0663-451A-BE33-390F270DFA32}
	EndGlobalSection
EndGlobal
