
Microsoft Visual Studio Solution File, Format Version 12.00
# Visual Studio Version 16
VisualStudioVersion = 16.0.31105.61
MinimumVisualStudioVersion = 10.0.40219.1
Project("{FAE04EC0-301F-11D3-BF4B-00C04F79EFBC}") = "HandsOnThemes", "HandsOnThemes\HandsOnThemes.csproj", "{C5995E0C-2530-445B-98BA-0C3AF7617236}"
EndProject
Global
	GlobalSection(SolutionConfigurationPlatforms) = preSolution
		Debug|Any CPU = Debug|Any CPU
		Release|Any CPU = Release|Any CPU
	EndGlobalSection
	GlobalSection(ProjectConfigurationPlatforms) = postSolution
		{C5995E0C-2530-445B-98BA-0C3AF7617236}.Debug|Any CPU.ActiveCfg = Debug|Any CPU
		{C5995E0C-2530-445B-98BA-0C3AF7617236}.Debug|Any CPU.Build.0 = Debug|Any CPU
		{C5995E0C-2530-445B-98BA-0C3AF7617236}.Release|Any CPU.ActiveCfg = Release|Any CPU
		{C5995E0C-2530-445B-98BA-0C3AF7617236}.Release|Any CPU.Build.0 = Release|Any CPU
	EndGlobalSection
	GlobalSection(SolutionProperties) = preSolution
		HideSolutionNode = FALSE
	EndGlobalSection
	GlobalSection(ExtensibilityGlobals) = postSolution
		SolutionGuid = {9407F671-0B68-433D-B467-562BBECE5246}
	EndGlobalSection
EndGlobal
