
Microsoft Visual Studio Solution File, Format Version 12.00
# Visual Studio Version 16
VisualStudioVersion = 16.0.31112.23
MinimumVisualStudioVersion = 10.0.40219.1
Project("{FAE04EC0-301F-11D3-BF4B-00C04F79EFBC}") = "MyFirstAPI", "MyFirstAPI\MyFirstAPI.csproj", "{80A2F7EB-A10B-46EF-82BD-4D3BC3861302}"
EndProject
Global
	GlobalSection(SolutionConfigurationPlatforms) = preSolution
		Debug|Any CPU = Debug|Any CPU
		Release|Any CPU = Release|Any CPU
	EndGlobalSection
	GlobalSection(ProjectConfigurationPlatforms) = postSolution
		{80A2F7EB-A10B-46EF-82BD-4D3BC3861302}.Debug|Any CPU.ActiveCfg = Debug|Any CPU
		{80A2F7EB-A10B-46EF-82BD-4D3BC3861302}.Debug|Any CPU.Build.0 = Debug|Any CPU
		{80A2F7EB-A10B-46EF-82BD-4D3BC3861302}.Release|Any CPU.ActiveCfg = Release|Any CPU
		{80A2F7EB-A10B-46EF-82BD-4D3BC3861302}.Release|Any CPU.Build.0 = Release|Any CPU
	EndGlobalSection
	GlobalSection(SolutionProperties) = preSolution
		HideSolutionNode = FALSE
	EndGlobalSection
	GlobalSection(ExtensibilityGlobals) = postSolution
		SolutionGuid = {C7EE84D3-92A2-4845-A0D1-4913C54E118C}
	EndGlobalSection
EndGlobal
