
Microsoft Visual Studio Solution File, Format Version 12.00
# Visual Studio Version 16
VisualStudioVersion = 16.0.31105.61
MinimumVisualStudioVersion = 10.0.40219.1
Project("{FAE04EC0-301F-11D3-BF4B-00C04F79EFBC}") = "HandsOnMasterPages", "HandsOnMasterPages\HandsOnMasterPages.csproj", "{D5696621-857D-4FC1-8BD8-16B83E4AB0FD}"
EndProject
Global
	GlobalSection(SolutionConfigurationPlatforms) = preSolution
		Debug|Any CPU = Debug|Any CPU
		Release|Any CPU = Release|Any CPU
	EndGlobalSection
	GlobalSection(ProjectConfigurationPlatforms) = postSolution
		{D5696621-857D-4FC1-8BD8-16B83E4AB0FD}.Debug|Any CPU.ActiveCfg = Debug|Any CPU
		{D5696621-857D-4FC1-8BD8-16B83E4AB0FD}.Debug|Any CPU.Build.0 = Debug|Any CPU
		{D5696621-857D-4FC1-8BD8-16B83E4AB0FD}.Release|Any CPU.ActiveCfg = Release|Any CPU
		{D5696621-857D-4FC1-8BD8-16B83E4AB0FD}.Release|Any CPU.Build.0 = Release|Any CPU
	EndGlobalSection
	GlobalSection(SolutionProperties) = preSolution
		HideSolutionNode = FALSE
	EndGlobalSection
	GlobalSection(ExtensibilityGlobals) = postSolution
		SolutionGuid = {21B3A41B-7794-441D-BB1F-DE115523BD8F}
	EndGlobalSection
EndGlobal
